
Microsoft Visual Studio Solution File, Format Version 12.00
# Visual Studio 15
VisualStudioVersion = 15.0.28010.2048
MinimumVisualStudioVersion = 10.0.40219.1
Project("{FAE04EC0-301F-11D3-BF4B-00C04F79EFBC}") = "FlurlHttpWrapper", "src\FlurlHttpWrapper\FlurlHttpWrapper.csproj", "{5DD47943-2C36-4DE6-AF62-CA427DF41BDE}"
EndProject
Global
	GlobalSection(SolutionConfigurationPlatforms) = preSolution
		Debug|Any CPU = Debug|Any CPU
		Release|Any CPU = Release|Any CPU
	EndGlobalSection
	GlobalSection(ProjectConfigurationPlatforms) = postSolution
		{5DD47943-2C36-4DE6-AF62-CA427DF41BDE}.Debug|Any CPU.ActiveCfg = Debug|Any CPU
		{5DD47943-2C36-4DE6-AF62-CA427DF41BDE}.Debug|Any CPU.Build.0 = Debug|Any CPU
		{5DD47943-2C36-4DE6-AF62-CA427DF41BDE}.Release|Any CPU.ActiveCfg = Release|Any CPU
		{5DD47943-2C36-4DE6-AF62-CA427DF41BDE}.Release|Any CPU.Build.0 = Release|Any CPU
	EndGlobalSection
	GlobalSection(SolutionProperties) = preSolution
		HideSolutionNode = FALSE
	EndGlobalSection
	GlobalSection(ExtensibilityGlobals) = postSolution
		SolutionGuid = {1C5FE25B-3859-4C76-8505-0DBD7CFBE172}
	EndGlobalSection
EndGlobal
